
Microsoft Visual Studio Solution File, Format Version 12.00
# Visual Studio Version 17
VisualStudioVersion = 17.4.33205.214
MinimumVisualStudioVersion = 10.0.40219.1
Project("{FAE04EC0-301F-11D3-BF4B-00C04F79EFBC}") = "NC.Localization.Json.Sample", "NC.Localization.Json.Sample.csproj", "{AE47F5D5-7B92-472F-8A7D-51D85F7971AE}"
EndProject
Global
	GlobalSection(SolutionConfigurationPlatforms) = preSolution
		Debug|Any CPU = Debug|Any CPU
		Release|Any CPU = Release|Any CPU
	EndGlobalSection
	GlobalSection(ProjectConfigurationPlatforms) = postSolution
		{AE47F5D5-7B92-472F-8A7D-51D85F7971AE}.Debug|Any CPU.ActiveCfg = Debug|Any CPU
		{AE47F5D5-7B92-472F-8A7D-51D85F7971AE}.Debug|Any CPU.Build.0 = Debug|Any CPU
		{AE47F5D5-7B92-472F-8A7D-51D85F7971AE}.Release|Any CPU.ActiveCfg = Release|Any CPU
		{AE47F5D5-7B92-472F-8A7D-51D85F7971AE}.Release|Any CPU.Build.0 = Release|Any CPU
	EndGlobalSection
	GlobalSection(SolutionProperties) = preSolution
		HideSolutionNode = FALSE
	EndGlobalSection
	GlobalSection(ExtensibilityGlobals) = postSolution
		SolutionGuid = {8C8E217B-0021-45C5-B728-C3C76B10EC15}
	EndGlobalSection
EndGlobal
